// !$*UTF8*$!
{
	archiveVersion = 1;
	classes = {
	};
	objectVersion = 50;
	objects = {

/* Begin PBXBuildFile section */
		532D4C77597CA6ECF3BBA560 /* Pods_Popular_FeedsTests.framework in Frameworks */ = {isa = PBXBuildFile; fileRef = 908F932FF42756A22BFE52F6 /* Pods_Popular_FeedsTests.framework */; };
		5E6730F2E082389199E398AB /* Pods_Popular_FeedsUITests.framework in Frameworks */ = {isa = PBXBuildFile; fileRef = E66E68997AEB2A125BA55AEB /* Pods_Popular_FeedsUITests.framework */; };
		C68AA2E52CC6218D7E7FF00C /* Pods_Popular_Feeds.framework in Frameworks */ = {isa = PBXBuildFile; fileRef = 510C5ADD00C12F5C40ECDB7D /* Pods_Popular_Feeds.framework */; };
		CE2975B22227F21900838F44 /* AppDelegate.swift in Sources */ = {isa = PBXBuildFile; fileRef = CE2975B12227F21900838F44 /* AppDelegate.swift */; };
		CE2975B42227F21900838F44 /* ViewController.swift in Sources */ = {isa = PBXBuildFile; fileRef = CE2975B32227F21900838F44 /* ViewController.swift */; };
		CE2975B72227F21900838F44 /* Main.storyboard in Resources */ = {isa = PBXBuildFile; fileRef = CE2975B52227F21900838F44 /* Main.storyboard */; };
		CE2975B92227F21D00838F44 /* Assets.xcassets in Resources */ = {isa = PBXBuildFile; fileRef = CE2975B82227F21D00838F44 /* Assets.xcassets */; };
		CE2975BC2227F21D00838F44 /* LaunchScreen.storyboard in Resources */ = {isa = PBXBuildFile; fileRef = CE2975BA2227F21D00838F44 /* LaunchScreen.storyboard */; };
		CE2975C72227F21D00838F44 /* Popular_FeedsTests.swift in Sources */ = {isa = PBXBuildFile; fileRef = CE2975C62227F21D00838F44 /* Popular_FeedsTests.swift */; };
		CE2975D22227F21E00838F44 /* Popular_FeedsUITests.swift in Sources */ = {isa = PBXBuildFile; fileRef = CE2975D12227F21E00838F44 /* Popular_FeedsUITests.swift */; };
		CE2975E0222802E200838F44 /* ApiCall.swift in Sources */ = {isa = PBXBuildFile; fileRef = CE2975DF222802E200838F44 /* ApiCall.swift */; };
		CE2975E2222803AC00838F44 /* ReachabilityCheck.swift in Sources */ = {isa = PBXBuildFile; fileRef = CE2975E1222803AC00838F44 /* ReachabilityCheck.swift */; };
		CE2975E42228045E00838F44 /* Utilities.swift in Sources */ = {isa = PBXBuildFile; fileRef = CE2975E32228045E00838F44 /* Utilities.swift */; };
		CE2975E62228064600838F44 /* Constants.swift in Sources */ = {isa = PBXBuildFile; fileRef = CE2975E52228064500838F44 /* Constants.swift */; };
/* End PBXBuildFile section */

/* Begin PBXContainerItemProxy section */
		CE2975C32227F21D00838F44 /* PBXContainerItemProxy */ = {
			isa = PBXContainerItemProxy;
			containerPortal = CE2975A62227F21900838F44 /* Project object */;
			proxyType = 1;
			remoteGlobalIDString = CE2975AD2227F21900838F44;
			remoteInfo = "Popular Feeds";
		};
		CE2975CE2227F21E00838F44 /* PBXContainerItemProxy */ = {
			isa = PBXContainerItemProxy;
			containerPortal = CE2975A62227F21900838F44 /* Project object */;
			proxyType = 1;
			remoteGlobalIDString = CE2975AD2227F21900838F44;
			remoteInfo = "Popular Feeds";
		};
/* End PBXContainerItemProxy section */

/* Begin PBXFileReference section */
		3176B9EB98E8F68A4C8D5B98 /* Pods-Popular Feeds.release.xcconfig */ = {isa = PBXFileReference; includeInIndex = 1; lastKnownFileType = text.xcconfig; name = "Pods-Popular Feeds.release.xcconfig"; path = "Pods/Target Support Files/Pods-Popular Feeds/Pods-Popular Feeds.release.xcconfig"; sourceTree = "<group>"; };
		510C5ADD00C12F5C40ECDB7D /* Pods_Popular_Feeds.framework */ = {isa = PBXFileReference; explicitFileType = wrapper.framework; includeInIndex = 0; path = Pods_Popular_Feeds.framework; sourceTree = BUILT_PRODUCTS_DIR; };
		7B8AA2766DB43780D733886F /* Pods-Popular FeedsUITests.release.xcconfig */ = {isa = PBXFileReference; includeInIndex = 1; lastKnownFileType = text.xcconfig; name = "Pods-Popular FeedsUITests.release.xcconfig"; path = "Pods/Target Support Files/Pods-Popular FeedsUITests/Pods-Popular FeedsUITests.release.xcconfig"; sourceTree = "<group>"; };
		7B8D2E125A3CF6C95989B3BA /* Pods-Popular FeedsUITests.debug.xcconfig */ = {isa = PBXFileReference; includeInIndex = 1; lastKnownFileType = text.xcconfig; name = "Pods-Popular FeedsUITests.debug.xcconfig"; path = "Pods/Target Support Files/Pods-Popular FeedsUITests/Pods-Popular FeedsUITests.debug.xcconfig"; sourceTree = "<group>"; };
		908F932FF42756A22BFE52F6 /* Pods_Popular_FeedsTests.framework */ = {isa = PBXFileReference; explicitFileType = wrapper.framework; includeInIndex = 0; path = Pods_Popular_FeedsTests.framework; sourceTree = BUILT_PRODUCTS_DIR; };
		9E038A25AE8A94C7C669E2BA /* Pods-Popular FeedsTests.debug.xcconfig */ = {isa = PBXFileReference; includeInIndex = 1; lastKnownFileType = text.xcconfig; name = "Pods-Popular FeedsTests.debug.xcconfig"; path = "Pods/Target Support Files/Pods-Popular FeedsTests/Pods-Popular FeedsTests.debug.xcconfig"; sourceTree = "<group>"; };
		A13C817D804F697D8F8E571B /* Pods-Popular FeedsTests.release.xcconfig */ = {isa = PBXFileReference; includeInIndex = 1; lastKnownFileType = text.xcconfig; name = "Pods-Popular FeedsTests.release.xcconfig"; path = "Pods/Target Support Files/Pods-Popular FeedsTests/Pods-Popular FeedsTests.release.xcconfig"; sourceTree = "<group>"; };
		B3AB7B117F09646FF8DF335B /* Pods-Popular Feeds.debug.xcconfig */ = {isa = PBXFileReference; includeInIndex = 1; lastKnownFileType = text.xcconfig; name = "Pods-Popular Feeds.debug.xcconfig"; path = "Pods/Target Support Files/Pods-Popular Feeds/Pods-Popular Feeds.debug.xcconfig"; sourceTree = "<group>"; };
		CE2975AE2227F21900838F44 /* Popular Feeds.app */ = {isa = PBXFileReference; explicitFileType = wrapper.application; includeInIndex = 0; path = "Popular Feeds.app"; sourceTree = BUILT_PRODUCTS_DIR; };
		CE2975B12227F21900838F44 /* AppDelegate.swift */ = {isa = PBXFileReference; lastKnownFileType = sourcecode.swift; path = AppDelegate.swift; sourceTree = "<group>"; };
		CE2975B32227F21900838F44 /* ViewController.swift */ = {isa = PBXFileReference; lastKnownFileType = sourcecode.swift; path = ViewController.swift; sourceTree = "<group>"; };
		CE2975B62227F21900838F44 /* Base */ = {isa = PBXFileReference; lastKnownFileType = file.storyboard; name = Base; path = Base.lproj/Main.storyboard; sourceTree = "<group>"; };
		CE2975B82227F21D00838F44 /* Assets.xcassets */ = {isa = PBXFileReference; lastKnownFileType = folder.assetcatalog; path = Assets.xcassets; sourceTree = "<group>"; };
		CE2975BB2227F21D00838F44 /* Base */ = {isa = PBXFileReference; lastKnownFileType = file.storyboard; name = Base; path = Base.lproj/LaunchScreen.storyboard; sourceTree = "<group>"; };
		CE2975BD2227F21D00838F44 /* Info.plist */ = {isa = PBXFileReference; lastKnownFileType = text.plist.xml; path = Info.plist; sourceTree = "<group>"; };
		CE2975C22227F21D00838F44 /* Popular FeedsTests.xctest */ = {isa = PBXFileReference; explicitFileType = wrapper.cfbundle; includeInIndex = 0; path = "Popular FeedsTests.xctest"; sourceTree = BUILT_PRODUCTS_DIR; };
		CE2975C62227F21D00838F44 /* Popular_FeedsTests.swift */ = {isa = PBXFileReference; lastKnownFileType = sourcecode.swift; path = Popular_FeedsTests.swift; sourceTree = "<group>"; };
		CE2975C82227F21E00838F44 /* Info.plist */ = {isa = PBXFileReference; lastKnownFileType = text.plist.xml; path = Info.plist; sourceTree = "<group>"; };
		CE2975CD2227F21E00838F44 /* Popular FeedsUITests.xctest */ = {isa = PBXFileReference; explicitFileType = wrapper.cfbundle; includeInIndex = 0; path = "Popular FeedsUITests.xctest"; sourceTree = BUILT_PRODUCTS_DIR; };
		CE2975D12227F21E00838F44 /* Popular_FeedsUITests.swift */ = {isa = PBXFileReference; lastKnownFileType = sourcecode.swift; path = Popular_FeedsUITests.swift; sourceTree = "<group>"; };
		CE2975D32227F21E00838F44 /* Info.plist */ = {isa = PBXFileReference; lastKnownFileType = text.plist.xml; path = Info.plist; sourceTree = "<group>"; };
		CE2975DF222802E200838F44 /* ApiCall.swift */ = {isa = PBXFileReference; fileEncoding = 4; lastKnownFileType = sourcecode.swift; path = ApiCall.swift; sourceTree = "<group>"; };
		CE2975E1222803AC00838F44 /* ReachabilityCheck.swift */ = {isa = PBXFileReference; fileEncoding = 4; lastKnownFileType = sourcecode.swift; path = ReachabilityCheck.swift; sourceTree = "<group>"; };
		CE2975E32228045E00838F44 /* Utilities.swift */ = {isa = PBXFileReference; fileEncoding = 4; lastKnownFileType = sourcecode.swift; path = Utilities.swift; sourceTree = "<group>"; };
		CE2975E52228064500838F44 /* Constants.swift */ = {isa = PBXFileReference; fileEncoding = 4; lastKnownFileType = sourcecode.swift; path = Constants.swift; sourceTree = "<group>"; };
		E66E68997AEB2A125BA55AEB /* Pods_Popular_FeedsUITests.framework */ = {isa = PBXFileReference; explicitFileType = wrapper.framework; includeInIndex = 0; path = Pods_Popular_FeedsUITests.framework; sourceTree = BUILT_PRODUCTS_DIR; };
/* End PBXFileReference section */

/* Begin PBXFrameworksBuildPhase section */
		CE2975AB2227F21900838F44 /* Frameworks */ = {
			isa = PBXFrameworksBuildPhase;
			buildActionMask = 2147483647;
			files = (
				C68AA2E52CC6218D7E7FF00C /* Pods_Popular_Feeds.framework in Frameworks */,
			);
			runOnlyForDeploymentPostprocessing = 0;
		};
		CE2975BF2227F21D00838F44 /* Frameworks */ = {
			isa = PBXFrameworksBuildPhase;
			buildActionMask = 2147483647;
			files = (
				532D4C77597CA6ECF3BBA560 /* Pods_Popular_FeedsTests.framework in Frameworks */,
			);
			runOnlyForDeploymentPostprocessing = 0;
		};
		CE2975CA2227F21E00838F44 /* Frameworks */ = {
			isa = PBXFrameworksBuildPhase;
			buildActionMask = 2147483647;
			files = (
				5E6730F2E082389199E398AB /* Pods_Popular_FeedsUITests.framework in Frameworks */,
			);
			runOnlyForDeploymentPostprocessing = 0;
		};
/* End PBXFrameworksBuildPhase section */

/* Begin PBXGroup section */
		00F1F7E15CBBED964D2751E0 /* Frameworks */ = {
			isa = PBXGroup;
			children = (
				510C5ADD00C12F5C40ECDB7D /* Pods_Popular_Feeds.framework */,
				908F932FF42756A22BFE52F6 /* Pods_Popular_FeedsTests.framework */,
				E66E68997AEB2A125BA55AEB /* Pods_Popular_FeedsUITests.framework */,
			);
			name = Frameworks;
			sourceTree = "<group>";
		};
		3E34C4F18CD42E89C9BD1515 /* Pods */ = {
			isa = PBXGroup;
			children = (
				B3AB7B117F09646FF8DF335B /* Pods-Popular Feeds.debug.xcconfig */,
				3176B9EB98E8F68A4C8D5B98 /* Pods-Popular Feeds.release.xcconfig */,
				9E038A25AE8A94C7C669E2BA /* Pods-Popular FeedsTests.debug.xcconfig */,
				A13C817D804F697D8F8E571B /* Pods-Popular FeedsTests.release.xcconfig */,
				7B8D2E125A3CF6C95989B3BA /* Pods-Popular FeedsUITests.debug.xcconfig */,
				7B8AA2766DB43780D733886F /* Pods-Popular FeedsUITests.release.xcconfig */,
			);
			name = Pods;
			sourceTree = "<group>";
		};
		CE2975A52227F21900838F44 = {
			isa = PBXGroup;
			children = (
				CE2975B02227F21900838F44 /* Popular Feeds */,
				CE2975C52227F21D00838F44 /* Popular FeedsTests */,
				CE2975D02227F21E00838F44 /* Popular FeedsUITests */,
				CE2975AF2227F21900838F44 /* Products */,
				3E34C4F18CD42E89C9BD1515 /* Pods */,
				00F1F7E15CBBED964D2751E0 /* Frameworks */,
			);
			sourceTree = "<group>";
		};
		CE2975AF2227F21900838F44 /* Products */ = {
			isa = PBXGroup;
			children = (
				CE2975AE2227F21900838F44 /* Popular Feeds.app */,
				CE2975C22227F21D00838F44 /* Popular FeedsTests.xctest */,
				CE2975CD2227F21E00838F44 /* Popular FeedsUITests.xctest */,
			);
			name = Products;
			sourceTree = "<group>";
		};
		CE2975B02227F21900838F44 /* Popular Feeds */ = {
			isa = PBXGroup;
			children = (
				CE2975B12227F21900838F44 /* AppDelegate.swift */,
				CE2975B32227F21900838F44 /* ViewController.swift */,
				CE2975E52228064500838F44 /* Constants.swift */,
				CE2975DF222802E200838F44 /* ApiCall.swift */,
				CE2975E1222803AC00838F44 /* ReachabilityCheck.swift */,
				CE2975E32228045E00838F44 /* Utilities.swift */,
				CE2975B52227F21900838F44 /* Main.storyboard */,
				CE2975B82227F21D00838F44 /* Assets.xcassets */,
				CE2975BA2227F21D00838F44 /* LaunchScreen.storyboard */,
				CE2975BD2227F21D00838F44 /* Info.plist */,
			);
			path = "Popular Feeds";
			sourceTree = "<group>";
		};
		CE2975C52227F21D00838F44 /* Popular FeedsTests */ = {
			isa = PBXGroup;
			children = (
				CE2975C62227F21D00838F44 /* Popular_FeedsTests.swift */,
				CE2975C82227F21E00838F44 /* Info.plist */,
			);
			path = "Popular FeedsTests";
			sourceTree = "<group>";
		};
		CE2975D02227F21E00838F44 /* Popular FeedsUITests */ = {
			isa = PBXGroup;
			children = (
				CE2975D12227F21E00838F44 /* Popular_FeedsUITests.swift */,
				CE2975D32227F21E00838F44 /* Info.plist */,
			);
			path = "Popular FeedsUITests";
			sourceTree = "<group>";
		};
/* End PBXGroup section */

/* Begin PBXNativeTarget section */
		CE2975AD2227F21900838F44 /* Popular Feeds */ = {
			isa = PBXNativeTarget;
			buildConfigurationList = CE2975D62227F21E00838F44 /* Build configuration list for PBXNativeTarget "Popular Feeds" */;
			buildPhases = (
				AF1D7DE345C8EC134CFCC14F /* [CP] Check Pods Manifest.lock */,
				CE2975AA2227F21900838F44 /* Sources */,
				CE2975AB2227F21900838F44 /* Frameworks */,
				CE2975AC2227F21900838F44 /* Resources */,
				E69B4B857F85D725B501873E /* [CP] Embed Pods Frameworks */,
			);
			buildRules = (
			);
			dependencies = (
			);
			name = "Popular Feeds";
			productName = "Popular Feeds";
			productReference = CE2975AE2227F21900838F44 /* Popular Feeds.app */;
			productType = "com.apple.product-type.application";
		};
		CE2975C12227F21D00838F44 /* Popular FeedsTests */ = {
			isa = PBXNativeTarget;
			buildConfigurationList = CE2975D92227F21E00838F44 /* Build configuration list for PBXNativeTarget "Popular FeedsTests" */;
			buildPhases = (
				97AEFCF351BD4257391DA879 /* [CP] Check Pods Manifest.lock */,
				CE2975BE2227F21D00838F44 /* Sources */,
				CE2975BF2227F21D00838F44 /* Frameworks */,
				CE2975C02227F21D00838F44 /* Resources */,
			);
			buildRules = (
			);
			dependencies = (
				CE2975C42227F21D00838F44 /* PBXTargetDependency */,
			);
			name = "Popular FeedsTests";
			productName = "Popular FeedsTests";
			productReference = CE2975C22227F21D00838F44 /* Popular FeedsTests.xctest */;
			productType = "com.apple.product-type.bundle.unit-test";
		};
		CE2975CC2227F21E00838F44 /* Popular FeedsUITests */ = {
			isa = PBXNativeTarget;
			buildConfigurationList = CE2975DC2227F21E00838F44 /* Build configuration list for PBXNativeTarget "Popular FeedsUITests" */;
			buildPhases = (
				8F093045040C43D52739646A /* [CP] Check Pods Manifest.lock */,
				CE2975C92227F21E00838F44 /* Sources */,
				CE2975CA2227F21E00838F44 /* Frameworks */,
				CE2975CB2227F21E00838F44 /* Resources */,
			);
			buildRules = (
			);
			dependencies = (
				CE2975CF2227F21E00838F44 /* PBXTargetDependency */,
			);
			name = "Popular FeedsUITests";
			productName = "Popular FeedsUITests";
			productReference = CE2975CD2227F21E00838F44 /* Popular FeedsUITests.xctest */;
			productType = "com.apple.product-type.bundle.ui-testing";
		};
/* End PBXNativeTarget section */

/* Begin PBXProject section */
		CE2975A62227F21900838F44 /* Project object */ = {
			isa = PBXProject;
			attributes = {
				LastSwiftUpdateCheck = 1000;
				LastUpgradeCheck = 1000;
				ORGANIZATIONNAME = "Alisons Infomatics";
				TargetAttributes = {
					CE2975AD2227F21900838F44 = {
						CreatedOnToolsVersion = 10.0;
					};
					CE2975C12227F21D00838F44 = {
						CreatedOnToolsVersion = 10.0;
						TestTargetID = CE2975AD2227F21900838F44;
					};
					CE2975CC2227F21E00838F44 = {
						CreatedOnToolsVersion = 10.0;
						TestTargetID = CE2975AD2227F21900838F44;
					};
				};
			};
			buildConfigurationList = CE2975A92227F21900838F44 /* Build configuration list for PBXProject "Popular Feeds" */;
			compatibilityVersion = "Xcode 9.3";
			developmentRegion = en;
			hasScannedForEncodings = 0;
			knownRegions = (
				en,
				Base,
			);
			mainGroup = CE2975A52227F21900838F44;
			productRefGroup = CE2975AF2227F21900838F44 /* Products */;
			projectDirPath = "";
			projectRoot = "";
			targets = (
				CE2975AD2227F21900838F44 /* Popular Feeds */,
				CE2975C12227F21D00838F44 /* Popular FeedsTests */,
				CE2975CC2227F21E00838F44 /* Popular FeedsUITests */,
			);
		};
/* End PBXProject section */

/* Begin PBXResourcesBuildPhase section */
		CE2975AC2227F21900838F44 /* Resources */ = {
			isa = PBXResourcesBuildPhase;
			buildActionMask = 2147483647;
			files = (
				CE2975BC2227F21D00838F44 /* LaunchScreen.storyboard in Resources */,
				CE2975B92227F21D00838F44 /* Assets.xcassets in Resources */,
				CE2975B72227F21900838F44 /* Main.storyboard in Resources */,
			);
			runOnlyForDeploymentPostprocessing = 0;
		};
		CE2975C02227F21D00838F44 /* Resources */ = {
			isa = PBXResourcesBuildPhase;
			buildActionMask = 2147483647;
			files = (
			);
			runOnlyForDeploymentPostprocessing = 0;
		};
		CE2975CB2227F21E00838F44 /* Resources */ = {
			isa = PBXResourcesBuildPhase;
			buildActionMask = 2147483647;
			files = (
			);
			runOnlyForDeploymentPostprocessing = 0;
		};
/* End PBXResourcesBuildPhase section */

/* Begin PBXShellScriptBuildPhase section */
		8F093045040C43D52739646A /* [CP] Check Pods Manifest.lock */ = {
			isa = PBXShellScriptBuildPhase;
			buildActionMask = 2147483647;
			files = (
			);
			inputFileListPaths = (
			);
			inputPaths = (
				"${PODS_PODFILE_DIR_PATH}/Podfile.lock",
				"${PODS_ROOT}/Manifest.lock",
			);
			name = "[CP] Check Pods Manifest.lock";
			outputFileListPaths = (
			);
			outputPaths = (
				"$(DERIVED_FILE_DIR)/Pods-Popular FeedsUITests-checkManifestLockResult.txt",
			);
			runOnlyForDeploymentPostprocessing = 0;
			shellPath = /bin/sh;
			shellScript = "diff \"${PODS_PODFILE_DIR_PATH}/Podfile.lock\" \"${PODS_ROOT}/Manifest.lock\" > /dev/null\nif [ $? != 0 ] ; then\n    # print error to STDERR\n    echo \"error: The sandbox is not in sync with the Podfile.lock. Run 'pod install' or update your CocoaPods installation.\" >&2\n    exit 1\nfi\n# This output is used by Xcode 'outputs' to avoid re-running this script phase.\necho \"SUCCESS\" > \"${SCRIPT_OUTPUT_FILE_0}\"\n";
			showEnvVarsInLog = 0;
		};
		97AEFCF351BD4257391DA879 /* [CP] Check Pods Manifest.lock */ = {
			isa = PBXShellScriptBuildPhase;
			buildActionMask = 2147483647;
			files = (
			);
			inputFileListPaths = (
			);
			inputPaths = (
				"${PODS_PODFILE_DIR_PATH}/Podfile.lock",
				"${PODS_ROOT}/Manifest.lock",
			);
			name = "[CP] Check Pods Manifest.lock";
			outputFileListPaths = (
			);
			outputPaths = (
				"$(DERIVED_FILE_DIR)/Pods-Popular FeedsTests-checkManifestLockResult.txt",
			);
			runOnlyForDeploymentPostprocessing = 0;
			shellPath = /bin/sh;
			shellScript = "diff \"${PODS_PODFILE_DIR_PATH}/Podfile.lock\" \"${PODS_ROOT}/Manifest.lock\" > /dev/null\nif [ $? != 0 ] ; then\n    # print error to STDERR\n    echo \"error: The sandbox is not in sync with the Podfile.lock. Run 'pod install' or update your CocoaPods installation.\" >&2\n    exit 1\nfi\n# This output is used by Xcode 'outputs' to avoid re-running this script phase.\necho \"SUCCESS\" > \"${SCRIPT_OUTPUT_FILE_0}\"\n";
			showEnvVarsInLog = 0;
		};
		AF1D7DE345C8EC134CFCC14F /* [CP] Check Pods Manifest.lock */ = {
			isa = PBXShellScriptBuildPhase;
			buildActionMask = 2147483647;
			files = (
			);
			inputFileListPaths = (
			);
			inputPaths = (
				"${PODS_PODFILE_DIR_PATH}/Podfile.lock",
				"${PODS_ROOT}/Manifest.lock",
			);
			name = "[CP] Check Pods Manifest.lock";
			outputFileListPaths = (
			);
			outputPaths = (
				"$(DERIVED_FILE_DIR)/Pods-Popular Feeds-checkManifestLockResult.txt",
			);
			runOnlyForDeploymentPostprocessing = 0;
			shellPath = /bin/sh;
			shellScript = "diff \"${PODS_PODFILE_DIR_PATH}/Podfile.lock\" \"${PODS_ROOT}/Manifest.lock\" > /dev/null\nif [ $? != 0 ] ; then\n    # print error to STDERR\n    echo \"error: The sandbox is not in sync with the Podfile.lock. Run 'pod install' or update your CocoaPods installation.\" >&2\n    exit 1\nfi\n# This output is used by Xcode 'outputs' to avoid re-running this script phase.\necho \"SUCCESS\" > \"${SCRIPT_OUTPUT_FILE_0}\"\n";
			showEnvVarsInLog = 0;
		};
		E69B4B857F85D725B501873E /* [CP] Embed Pods Frameworks */ = {
			isa = PBXShellScriptBuildPhase;
			buildActionMask = 2147483647;
			files = (
			);
			inputFileListPaths = (
			);
			inputPaths = (
				"${SRCROOT}/Pods/Target Support Files/Pods-Popular Feeds/Pods-Popular Feeds-frameworks.sh",
				"${BUILT_PRODUCTS_DIR}/Alamofire/Alamofire.framework",
				"${BUILT_PRODUCTS_DIR}/NYAlertViewController/NYAlertViewController.framework",
			);
			name = "[CP] Embed Pods Frameworks";
			outputFileListPaths = (
			);
			outputPaths = (
				"${TARGET_BUILD_DIR}/${FRAMEWORKS_FOLDER_PATH}/Alamofire.framework",
				"${TARGET_BUILD_DIR}/${FRAMEWORKS_FOLDER_PATH}/NYAlertViewController.framework",
			);
			runOnlyForDeploymentPostprocessing = 0;
			shellPath = /bin/sh;
			shellScript = "\"${SRCROOT}/Pods/Target Support Files/Pods-Popular Feeds/Pods-Popular Feeds-frameworks.sh\"\n";
			showEnvVarsInLog = 0;
		};
/* End PBXShellScriptBuildPhase section */

/* Begin PBXSourcesBuildPhase section */
		CE2975AA2227F21900838F44 /* Sources */ = {
			isa = PBXSourcesBuildPhase;
			buildActionMask = 2147483647;
			files = (
				CE2975B42227F21900838F44 /* ViewController.swift in Sources */,
				CE2975E2222803AC00838F44 /* ReachabilityCheck.swift in Sources */,
				CE2975E0222802E200838F44 /* ApiCall.swift in Sources */,
				CE2975E42228045E00838F44 /* Utilities.swift in Sources */,
				CE2975B22227F21900838F44 /* AppDelegate.swift in Sources */,
				CE2975E62228064600838F44 /* Constants.swift in Sources */,
			);
			runOnlyForDeploymentPostprocessing = 0;
		};
		CE2975BE2227F21D00838F44 /* Sources */ = {
			isa = PBXSourcesBuildPhase;
			buildActionMask = 2147483647;
			files = (
				CE2975C72227F21D00838F44 /* Popular_FeedsTests.swift in Sources */,
			);
			runOnlyForDeploymentPostprocessing = 0;
		};
		CE2975C92227F21E00838F44 /* Sources */ = {
			isa = PBXSourcesBuildPhase;
			buildActionMask = 2147483647;
			files = (
				CE2975D22227F21E00838F44 /* Popular_FeedsUITests.swift in Sources */,
			);
			runOnlyForDeploymentPostprocessing = 0;
		};
/* End PBXSourcesBuildPhase section */

/* Begin PBXTargetDependency section */
		CE2975C42227F21D00838F44 /* PBXTargetDependency */ = {
			isa = PBXTargetDependency;
			target = CE2975AD2227F21900838F44 /* Popular Feeds */;
			targetProxy = CE2975C32227F21D00838F44 /* PBXContainerItemProxy */;
		};
		CE2975CF2227F21E00838F44 /* PBXTargetDependency */ = {
			isa = PBXTargetDependency;
			target = CE2975AD2227F21900838F44 /* Popular Feeds */;
			targetProxy = CE2975CE2227F21E00838F44 /* PBXContainerItemProxy */;
		};
/* End PBXTargetDependency section */

/* Begin PBXVariantGroup section */
		CE2975B52227F21900838F44 /* Main.storyboard */ = {
			isa = PBXVariantGroup;
			children = (
				CE2975B62227F21900838F44 /* Base */,
			);
			name = Main.storyboard;
			sourceTree = "<group>";
		};
		CE2975BA2227F21D00838F44 /* LaunchScreen.storyboard */ = {
			isa = PBXVariantGroup;
			children = (
				CE2975BB2227F21D00838F44 /* Base */,
			);
			name = LaunchScreen.storyboard;
			sourceTree = "<group>";
		};
/* End PBXVariantGroup section */

/* Begin XCBuildConfiguration section */
		CE2975D42227F21E00838F44 /* Debug */ = {
			isa = XCBuildConfiguration;
			buildSettings = {
				ALWAYS_SEARCH_USER_PATHS = NO;
				CLANG_ANALYZER_NONNULL = YES;
				CLANG_ANALYZER_NUMBER_OBJECT_CONVERSION = YES_AGGRESSIVE;
				CLANG_CXX_LANGUAGE_STANDARD = "gnu++14";
				CLANG_CXX_LIBRARY = "libc++";
				CLANG_ENABLE_MODULES = YES;
				CLANG_ENABLE_OBJC_ARC = YES;
				CLANG_ENABLE_OBJC_WEAK = YES;
				CLANG_WARN_BLOCK_CAPTURE_AUTORELEASING = YES;
				CLANG_WARN_BOOL_CONVERSION = YES;
				CLANG_WARN_COMMA = YES;
				CLANG_WARN_CONSTANT_CONVERSION = YES;
				CLANG_WARN_DEPRECATED_OBJC_IMPLEMENTATIONS = YES;
				CLANG_WARN_DIRECT_OBJC_ISA_USAGE = YES_ERROR;
				CLANG_WARN_DOCUMENTATION_COMMENTS = YES;
				CLANG_WARN_EMPTY_BODY = YES;
				CLANG_WARN_ENUM_CONVERSION = YES;
				CLANG_WARN_INFINITE_RECURSION = YES;
				CLANG_WARN_INT_CONVERSION = YES;
				CLANG_WARN_NON_LITERAL_NULL_CONVERSION = YES;
				CLANG_WARN_OBJC_IMPLICIT_RETAIN_SELF = YES;
				CLANG_WARN_OBJC_LITERAL_CONVERSION = YES;
				CLANG_WARN_OBJC_ROOT_CLASS = YES_ERROR;
				CLANG_WARN_RANGE_LOOP_ANALYSIS = YES;
				CLANG_WARN_STRICT_PROTOTYPES = YES;
				CLANG_WARN_SUSPICIOUS_MOVE = YES;
				CLANG_WARN_UNGUARDED_AVAILABILITY = YES_AGGRESSIVE;
				CLANG_WARN_UNREACHABLE_CODE = YES;
				CLANG_WARN__DUPLICATE_METHOD_MATCH = YES;
				CODE_SIGN_IDENTITY = "iPhone Developer";
				COPY_PHASE_STRIP = NO;
				DEBUG_INFORMATION_FORMAT = dwarf;
				ENABLE_STRICT_OBJC_MSGSEND = YES;
				ENABLE_TESTABILITY = YES;
				GCC_C_LANGUAGE_STANDARD = gnu11;
				GCC_DYNAMIC_NO_PIC = NO;
				GCC_NO_COMMON_BLOCKS = YES;
				GCC_OPTIMIZATION_LEVEL = 0;
				GCC_PREPROCESSOR_DEFINITIONS = (
					"DEBUG=1",
					"$(inherited)",
				);
				GCC_WARN_64_TO_32_BIT_CONVERSION = YES;
				GCC_WARN_ABOUT_RETURN_TYPE = YES_ERROR;
				GCC_WARN_UNDECLARED_SELECTOR = YES;
				GCC_WARN_UNINITIALIZED_AUTOS = YES_AGGRESSIVE;
				GCC_WARN_UNUSED_FUNCTION = YES;
				GCC_WARN_UNUSED_VARIABLE = YES;
				IPHONEOS_DEPLOYMENT_TARGET = 12.0;
				MTL_ENABLE_DEBUG_INFO = INCLUDE_SOURCE;
				MTL_FAST_MATH = YES;
				ONLY_ACTIVE_ARCH = YES;
				SDKROOT = iphoneos;
				SWIFT_ACTIVE_COMPILATION_CONDITIONS = DEBUG;
				SWIFT_OPTIMIZATION_LEVEL = "-Onone";
			};
			name = Debug;
		};
		CE2975D52227F21E00838F44 /* Release */ = {
			isa = XCBuildConfiguration;
			buildSettings = {
				ALWAYS_SEARCH_USER_PATHS = NO;
				CLANG_ANALYZER_NONNULL = YES;
				CLANG_ANALYZER_NUMBER_OBJECT_CONVERSION = YES_AGGRESSIVE;
				CLANG_CXX_LANGUAGE_STANDARD = "gnu++14";
				CLANG_CXX_LIBRARY = "libc++";
				CLANG_ENABLE_MODULES = YES;
				CLANG_ENABLE_OBJC_ARC = YES;
				CLANG_ENABLE_OBJC_WEAK = YES;
				CLANG_WARN_BLOCK_CAPTURE_AUTORELEASING = YES;
				CLANG_WARN_BOOL_CONVERSION = YES;
				CLANG_WARN_COMMA = YES;
				CLANG_WARN_CONSTANT_CONVERSION = YES;
				CLANG_WARN_DEPRECATED_OBJC_IMPLEMENTATIONS = YES;
				CLANG_WARN_DIRECT_OBJC_ISA_USAGE = YES_ERROR;
				CLANG_WARN_DOCUMENTATION_COMMENTS = YES;
				CLANG_WARN_EMPTY_BODY = YES;
				CLANG_WARN_ENUM_CONVERSION = YES;
				CLANG_WARN_INFINITE_RECURSION = YES;
				CLANG_WARN_INT_CONVERSION = YES;
				CLANG_WARN_NON_LITERAL_NULL_CONVERSION = YES;
				CLANG_WARN_OBJC_IMPLICIT_RETAIN_SELF = YES;
				CLANG_WARN_OBJC_LITERAL_CONVERSION = YES;
				CLANG_WARN_OBJC_ROOT_CLASS = YES_ERROR;
				CLANG_WARN_RANGE_LOOP_ANALYSIS = YES;
				CLANG_WARN_STRICT_PROTOTYPES = YES;
				CLANG_WARN_SUSPICIOUS_MOVE = YES;
				CLANG_WARN_UNGUARDED_AVAILABILITY = YES_AGGRESSIVE;
				CLANG_WARN_UNREACHABLE_CODE = YES;
				CLANG_WARN__DUPLICATE_METHOD_MATCH = YES;
				CODE_SIGN_IDENTITY = "iPhone Developer";
				COPY_PHASE_STRIP = NO;
				DEBUG_INFORMATION_FORMAT = "dwarf-with-dsym";
				ENABLE_NS_ASSERTIONS = NO;
				ENABLE_STRICT_OBJC_MSGSEND = YES;
				GCC_C_LANGUAGE_STANDARD = gnu11;
				GCC_NO_COMMON_BLOCKS = YES;
				GCC_WARN_64_TO_32_BIT_CONVERSION = YES;
				GCC_WARN_ABOUT_RETURN_TYPE = YES_ERROR;
				GCC_WARN_UNDECLARED_SELECTOR = YES;
				GCC_WARN_UNINITIALIZED_AUTOS = YES_AGGRESSIVE;
				GCC_WARN_UNUSED_FUNCTION = YES;
				GCC_WARN_UNUSED_VARIABLE = YES;
				IPHONEOS_DEPLOYMENT_TARGET = 12.0;
				MTL_ENABLE_DEBUG_INFO = NO;
				MTL_FAST_MATH = YES;
				SDKROOT = iphoneos;
				SWIFT_COMPILATION_MODE = wholemodule;
				SWIFT_OPTIMIZATION_LEVEL = "-O";
				VALIDATE_PRODUCT = YES;
			};
			name = Release;
		};
		CE2975D72227F21E00838F44 /* Debug */ = {
			isa = XCBuildConfiguration;
			baseConfigurationReference = B3AB7B117F09646FF8DF335B /* Pods-Popular Feeds.debug.xcconfig */;
			buildSettings = {
				ASSETCATALOG_COMPILER_APPICON_NAME = AppIcon;
				CODE_SIGN_STYLE = Automatic;
				DEVELOPMENT_TEAM = SANLDT286L;
				INFOPLIST_FILE = "Popular Feeds/Info.plist";
				LD_RUNPATH_SEARCH_PATHS = (
					"$(inherited)",
					"@executable_path/Frameworks",
				);
				PRODUCT_BUNDLE_IDENTIFIER = "Alisons.Popular-Feeds";
				PRODUCT_NAME = "$(TARGET_NAME)";
				SWIFT_VERSION = 4.2;
				TARGETED_DEVICE_FAMILY = "1,2";
			};
			name = Debug;
		};
		CE2975D82227F21E00838F44 /* Release */ = {
			isa = XCBuildConfiguration;
			baseConfigurationReference = 3176B9EB98E8F68A4C8D5B98 /* Pods-Popular Feeds.release.xcconfig */;
			buildSettings = {
				ASSETCATALOG_COMPILER_APPICON_NAME = AppIcon;
				CODE_SIGN_STYLE = Automatic;
				DEVELOPMENT_TEAM = SANLDT286L;
				INFOPLIST_FILE = "Popular Feeds/Info.plist";
				LD_RUNPATH_SEARCH_PATHS = (
					"$(inherited)",
					"@executable_path/Frameworks",
				);
				PRODUCT_BUNDLE_IDENTIFIER = "Alisons.Popular-Feeds";
				PRODUCT_NAME = "$(TARGET_NAME)";
				SWIFT_VERSION = 4.2;
				TARGETED_DEVICE_FAMILY = "1,2";
			};
			name = Release;
		};
		CE2975DA2227F21E00838F44 /* Debug */ = {
			isa = XCBuildConfiguration;
			baseConfigurationReference = 9E038A25AE8A94C7C669E2BA /* Pods-Popular FeedsTests.debug.xcconfig */;
			buildSettings = {
				ALWAYS_EMBED_SWIFT_STANDARD_LIBRARIES = YES;
				BUNDLE_LOADER = "$(TEST_HOST)";
				CODE_SIGN_STYLE = Automatic;
				INFOPLIST_FILE = "Popular FeedsTests/Info.plist";
				LD_RUNPATH_SEARCH_PATHS = (
					"$(inherited)",
					"@executable_path/Frameworks",
					"@loader_path/Frameworks",
				);
				PRODUCT_BUNDLE_IDENTIFIER = "Alisons.Popular-FeedsTests";
				PRODUCT_NAME = "$(TARGET_NAME)";
				SWIFT_VERSION = 4.2;
				TARGETED_DEVICE_FAMILY = "1,2";
				TEST_HOST = "$(BUILT_PRODUCTS_DIR)/Popular Feeds.app/Popular Feeds";
			};
			name = Debug;
		};
		CE2975DB2227F21E00838F44 /* Release */ = {
			isa = XCBuildConfiguration;
			baseConfigurationReference = A13C817D804F697D8F8E571B /* Pods-Popular FeedsTests.release.xcconfig */;
			buildSettings = {
				ALWAYS_EMBED_SWIFT_STANDARD_LIBRARIES = YES;
				BUNDLE_LOADER = "$(TEST_HOST)";
				CODE_SIGN_STYLE = Automatic;
				INFOPLIST_FILE = "Popular FeedsTests/Info.plist";
				LD_RUNPATH_SEARCH_PATHS = (
					"$(inherited)",
					"@executable_path/Frameworks",
					"@loader_path/Frameworks",
				);
				PRODUCT_BUNDLE_IDENTIFIER = "Alisons.Popular-FeedsTests";
				PRODUCT_NAME = "$(TARGET_NAME)";
				SWIFT_VERSION = 4.2;
				TARGETED_DEVICE_FAMILY = "1,2";
				TEST_HOST = "$(BUILT_PRODUCTS_DIR)/Popular Feeds.app/Popular Feeds";
			};
			name = Release;
		};
		CE2975DD2227F21E00838F44 /* Debug */ = {
			isa = XCBuildConfiguration;
			baseConfigurationReference = 7B8D2E125A3CF6C95989B3BA /* Pods-Popular FeedsUITests.debug.xcconfig */;
			buildSettings = {
				ALWAYS_EMBED_SWIFT_STANDARD_LIBRARIES = YES;
				CODE_SIGN_STYLE = Automatic;
				INFOPLIST_FILE = "Popular FeedsUITests/Info.plist";
				LD_RUNPATH_SEARCH_PATHS = (
					"$(inherited)",
					"@executable_path/Frameworks",
					"@loader_path/Frameworks",
				);
				PRODUCT_BUNDLE_IDENTIFIER = "Alisons.Popular-FeedsUITests";
				PRODUCT_NAME = "$(TARGET_NAME)";
				SWIFT_VERSION = 4.2;
				TARGETED_DEVICE_FAMILY = "1,2";
				TEST_TARGET_NAME = "Popular Feeds";
			};
			name = Debug;
		};
		CE2975DE2227F21E00838F44 /* Release */ = {
			isa = XCBuildConfiguration;
			baseConfigurationReference = 7B8AA2766DB43780D733886F /* Pods-Popular FeedsUITests.release.xcconfig */;
			buildSettings = {
				ALWAYS_EMBED_SWIFT_STANDARD_LIBRARIES = YES;
				CODE_SIGN_STYLE = Automatic;
				INFOPLIST_FILE = "Popular FeedsUITests/Info.plist";
				LD_RUNPATH_SEARCH_PATHS = (
					"$(inherited)",
					"@executable_path/Frameworks",
					"@loader_path/Frameworks",
				);
				PRODUCT_BUNDLE_IDENTIFIER = "Alisons.Popular-FeedsUITests";
				PRODUCT_NAME = "$(TARGET_NAME)";
				SWIFT_VERSION = 4.2;
				TARGETED_DEVICE_FAMILY = "1,2";
				TEST_TARGET_NAME = "Popular Feeds";
			};
			name = Release;
		};
/* End XCBuildConfiguration section */

/* Begin XCConfigurationList section */
		CE2975A92227F21900838F44 /* Build configuration list for PBXProject "Popular Feeds" */ = {
			isa = XCConfigurationList;
			buildConfigurations = (
				CE2975D42227F21E00838F44 /* Debug */,
				CE2975D52227F21E00838F44 /* Release */,
			);
			defaultConfigurationIsVisible = 0;
			defaultConfigurationName = Release;
		};
		CE2975D62227F21E00838F44 /* Build configuration list for PBXNativeTarget "Popular Feeds" */ = {
			isa = XCConfigurationList;
			buildConfigurations = (
				CE2975D72227F21E00838F44 /* Debug */,
				CE2975D82227F21E00838F44 /* Release */,
			);
			defaultConfigurationIsVisible = 0;
			defaultConfigurationName = Release;
		};
		CE2975D92227F21E00838F44 /* Build configuration list for PBXNativeTarget "Popular FeedsTests" */ = {
			isa = XCConfigurationList;
			buildConfigurations = (
				CE2975DA2227F21E00838F44 /* Debug */,
				CE2975DB2227F21E00838F44 /* Release */,
			);
			defaultConfigurationIsVisible = 0;
			defaultConfigurationName = Release;
		};
		CE2975DC2227F21E00838F44 /* Build configuration list for PBXNativeTarget "Popular FeedsUITests" */ = {
			isa = XCConfigurationList;
			buildConfigurations = (
				CE2975DD2227F21E00838F44 /* Debug */,
				CE2975DE2227F21E00838F44 /* Release */,
			);
			defaultConfigurationIsVisible = 0;
			defaultConfigurationName = Release;
		};
/* End XCConfigurationList section */
	};
	rootObject = CE2975A62227F21900838F44 /* Project object */;
}
